
Microsoft Visual Studio Solution File, Format Version 12.00
# Visual Studio Version 17
VisualStudioVersion = 17.1.32421.90
MinimumVisualStudioVersion = 10.0.40219.1
Project("{FAE04EC0-301F-11D3-BF4B-00C04F79EFBC}") = "Rnoz", "Rnoz.csproj", "{947E2520-E358-4B13-ABB4-53F5183A7898}"
EndProject
Global
	GlobalSection(SolutionConfigurationPlatforms) = preSolution
		Debug|Any CPU = Debug|Any CPU
		Release|Any CPU = Release|Any CPU
	EndGlobalSection
	GlobalSection(ProjectConfigurationPlatforms) = postSolution
		{947E2520-E358-4B13-ABB4-53F5183A7898}.Debug|Any CPU.ActiveCfg = Debug|Any CPU
		{947E2520-E358-4B13-ABB4-53F5183A7898}.Debug|Any CPU.Build.0 = Debug|Any CPU
		{947E2520-E358-4B13-ABB4-53F5183A7898}.Release|Any CPU.ActiveCfg = Release|Any CPU
		{947E2520-E358-4B13-ABB4-53F5183A7898}.Release|Any CPU.Build.0 = Release|Any CPU
	EndGlobalSection
	GlobalSection(SolutionProperties) = preSolution
		HideSolutionNode = FALSE
	EndGlobalSection
	GlobalSection(ExtensibilityGlobals) = postSolution
		SolutionGuid = {F615A22D-F1E1-4EAB-8C0C-A66291CCDBD2}
	EndGlobalSection
EndGlobal
